
Microsoft Visual Studio Solution File, Format Version 12.00
# Visual Studio 15
VisualStudioVersion = 15.0.27130.2020
MinimumVisualStudioVersion = 10.0.40219.1
Project("{FAE04EC0-301F-11D3-BF4B-00C04F79EFBC}") = "ConsoleArrayNumeriPosizione", "ConsoleArrayNumeriPosizione\ConsoleArrayNumeriPosizione.csproj", "{F40C0222-77DA-4F60-8D5C-7DE04F555128}"
EndProject
Global
	GlobalSection(SolutionConfigurationPlatforms) = preSolution
		Debug|Any CPU = Debug|Any CPU
		Release|Any CPU = Release|Any CPU
	EndGlobalSection
	GlobalSection(ProjectConfigurationPlatforms) = postSolution
		{F40C0222-77DA-4F60-8D5C-7DE04F555128}.Debug|Any CPU.ActiveCfg = Debug|Any CPU
		{F40C0222-77DA-4F60-8D5C-7DE04F555128}.Debug|Any CPU.Build.0 = Debug|Any CPU
		{F40C0222-77DA-4F60-8D5C-7DE04F555128}.Release|Any CPU.ActiveCfg = Release|Any CPU
		{F40C0222-77DA-4F60-8D5C-7DE04F555128}.Release|Any CPU.Build.0 = Release|Any CPU
	EndGlobalSection
	GlobalSection(SolutionProperties) = preSolution
		HideSolutionNode = FALSE
	EndGlobalSection
	GlobalSection(ExtensibilityGlobals) = postSolution
		SolutionGuid = {A333EFED-BED8-48AA-B2F4-27073A2303DD}
	EndGlobalSection
EndGlobal
